
Microsoft Visual Studio Solution File, Format Version 12.00
# Visual Studio Version 17
VisualStudioVersion = 17.7.34221.43
MinimumVisualStudioVersion = 10.0.40219.1
Project("{FAE04EC0-301F-11D3-BF4B-00C04F79EFBC}") = "BlazorAppDemo", "BlazorAppDemo\BlazorAppDemo.csproj", "{8496E4CA-33C6-4C40-AB5C-6C3CA7A0D7D0}"
EndProject
Global
	GlobalSection(SolutionConfigurationPlatforms) = preSolution
		Debug|Any CPU = Debug|Any CPU
		Release|Any CPU = Release|Any CPU
	EndGlobalSection
	GlobalSection(ProjectConfigurationPlatforms) = postSolution
		{8496E4CA-33C6-4C40-AB5C-6C3CA7A0D7D0}.Debug|Any CPU.ActiveCfg = Debug|Any CPU
		{8496E4CA-33C6-4C40-AB5C-6C3CA7A0D7D0}.Debug|Any CPU.Build.0 = Debug|Any CPU
		{8496E4CA-33C6-4C40-AB5C-6C3CA7A0D7D0}.Release|Any CPU.ActiveCfg = Release|Any CPU
		{8496E4CA-33C6-4C40-AB5C-6C3CA7A0D7D0}.Release|Any CPU.Build.0 = Release|Any CPU
	EndGlobalSection
	GlobalSection(SolutionProperties) = preSolution
		HideSolutionNode = FALSE
	EndGlobalSection
	GlobalSection(ExtensibilityGlobals) = postSolution
		SolutionGuid = {2E328534-E7CD-4C0E-B3D7-AEF54204B536}
	EndGlobalSection
EndGlobal
